{
  "name": "hello",
  "version": "1.0.0",
  "lockfileVersion": 1,
  "requires": true,
  "dependencies": {
    "@types/aws-lambda": {
      "version": "8.10.72",
      "resolved": "https://registry.npmjs.org/@types/aws-lambda/-/aws-lambda-8.10.72.tgz",
      "integrity": "sha512-jOrTwAhSiUtBIN/QsWNKlI4+4aDtpZ0sr2BRvKW6XQZdspgHUSHPcuzxbzCRiHUiDQ+0026u5TSE38VyIhNnfA==",
      "dev": true
    },
    "typescript": {
      "version": "4.2.3",
      "resolved": "https://registry.npmjs.org/typescript/-/typescript-4.2.3.tgz",
      "integrity": "sha512-qOcYwxaByStAWrBf4x0fibwZvMRG+r4cQoTjbPtUlrWjBHbmCAww1i448U0GJ+3cNNEtebDteo/cHOR3xJ4wEw==",
      "dev": true
    }
  }
}
